
Microsoft Visual Studio Solution File, Format Version 12.00
# Visual Studio Version 17
VisualStudioVersion = 17.3.32819.101
MinimumVisualStudioVersion = 10.0.40219.1
Project("{FAE04EC0-301F-11D3-BF4B-00C04F79EFBC}") = "NumberFormat.UWP", "NumberFormat\NumberFormat.UWP\NumberFormat.UWP.csproj", "{CA08F25A-9019-45B5-9F4B-FBFB0BE48094}"
EndProject
Project("{FAE04EC0-301F-11D3-BF4B-00C04F79EFBC}") = "NumberFormat.Android", "NumberFormat\NumberFormat.Android\NumberFormat.Android.csproj", "{551CCEBD-9E21-459F-ACC6-78124B91367F}"
EndProject
Project("{FAE04EC0-301F-11D3-BF4B-00C04F79EFBC}") = "NumberFormat.iOS", "NumberFormat\NumberFormat.iOS\NumberFormat.iOS.csproj", "{9D1F9603-3757-4D62-928B-DCCD879B8624}"
EndProject
Project("{FAE04EC0-301F-11D3-BF4B-00C04F79EFBC}") = "NumberFormat", "NumberFormat\NumberFormat\NumberFormat.csproj", "{96A6EAC7-B26F-4B1D-BF91-299C2E972F42}"
EndProject
Global
	GlobalSection(SolutionConfigurationPlatforms) = preSolution
		Debug|Any CPU = Debug|Any CPU
		Debug|ARM = Debug|ARM
		Debug|iPhone = Debug|iPhone
		Debug|iPhoneSimulator = Debug|iPhoneSimulator
		Debug|x64 = Debug|x64
		Debug|x86 = Debug|x86
		Release|Any CPU = Release|Any CPU
		Release|ARM = Release|ARM
		Release|iPhone = Release|iPhone
		Release|iPhoneSimulator = Release|iPhoneSimulator
		Release|x64 = Release|x64
		Release|x86 = Release|x86
	EndGlobalSection
	GlobalSection(ProjectConfigurationPlatforms) = postSolution
		{CA08F25A-9019-45B5-9F4B-FBFB0BE48094}.Debug|Any CPU.ActiveCfg = Debug|x64
		{CA08F25A-9019-45B5-9F4B-FBFB0BE48094}.Debug|Any CPU.Build.0 = Debug|x64
		{CA08F25A-9019-45B5-9F4B-FBFB0BE48094}.Debug|Any CPU.Deploy.0 = Debug|x64
		{CA08F25A-9019-45B5-9F4B-FBFB0BE48094}.Debug|ARM.ActiveCfg = Debug|ARM
		{CA08F25A-9019-45B5-9F4B-FBFB0BE48094}.Debug|ARM.Build.0 = Debug|ARM
		{CA08F25A-9019-45B5-9F4B-FBFB0BE48094}.Debug|ARM.Deploy.0 = Debug|ARM
		{CA08F25A-9019-45B5-9F4B-FBFB0BE48094}.Debug|iPhone.ActiveCfg = Debug|x64
		{CA08F25A-9019-45B5-9F4B-FBFB0BE48094}.Debug|iPhone.Build.0 = Debug|x64
		{CA08F25A-9019-45B5-9F4B-FBFB0BE48094}.Debug|iPhone.Deploy.0 = Debug|x64
		{CA08F25A-9019-45B5-9F4B-FBFB0BE48094}.Debug|iPhoneSimulator.ActiveCfg = Debug|x64
		{CA08F25A-9019-45B5-9F4B-FBFB0BE48094}.Debug|iPhoneSimulator.Build.0 = Debug|x64
		{CA08F25A-9019-45B5-9F4B-FBFB0BE48094}.Debug|iPhoneSimulator.Deploy.0 = Debug|x64
		{CA08F25A-9019-45B5-9F4B-FBFB0BE48094}.Debug|x64.ActiveCfg = Debug|x64
		{CA08F25A-9019-45B5-9F4B-FBFB0BE48094}.Debug|x64.Build.0 = Debug|x64
		{CA08F25A-9019-45B5-9F4B-FBFB0BE48094}.Debug|x64.Deploy.0 = Debug|x64
		{CA08F25A-9019-45B5-9F4B-FBFB0BE48094}.Debug|x86.ActiveCfg = Debug|x86
		{CA08F25A-9019-45B5-9F4B-FBFB0BE48094}.Debug|x86.Build.0 = Debug|x86
		{CA08F25A-9019-45B5-9F4B-FBFB0BE48094}.Debug|x86.Deploy.0 = Debug|x86
		{CA08F25A-9019-45B5-9F4B-FBFB0BE48094}.Release|Any CPU.ActiveCfg = Release|x64
		{CA08F25A-9019-45B5-9F4B-FBFB0BE48094}.Release|Any CPU.Build.0 = Release|x64
		{CA08F25A-9019-45B5-9F4B-FBFB0BE48094}.Release|Any CPU.Deploy.0 = Release|x64
		{CA08F25A-9019-45B5-9F4B-FBFB0BE48094}.Release|ARM.ActiveCfg = Release|ARM
		{CA08F25A-9019-45B5-9F4B-FBFB0BE48094}.Release|ARM.Build.0 = Release|ARM
		{CA08F25A-9019-45B5-9F4B-FBFB0BE48094}.Release|ARM.Deploy.0 = Release|ARM
		{CA08F25A-9019-45B5-9F4B-FBFB0BE48094}.Release|iPhone.ActiveCfg = Release|x64
		{CA08F25A-9019-45B5-9F4B-FBFB0BE48094}.Release|iPhone.Build.0 = Release|x64
		{CA08F25A-9019-45B5-9F4B-FBFB0BE48094}.Release|iPhone.Deploy.0 = Release|x64
		{CA08F25A-9019-45B5-9F4B-FBFB0BE48094}.Release|iPhoneSimulator.ActiveCfg = Release|x64
		{CA08F25A-9019-45B5-9F4B-FBFB0BE48094}.Release|iPhoneSimulator.Build.0 = Release|x64
		{CA08F25A-9019-45B5-9F4B-FBFB0BE48094}.Release|iPhoneSimulator.Deploy.0 = Release|x64
		{CA08F25A-9019-45B5-9F4B-FBFB0BE48094}.Release|x64.ActiveCfg = Release|x64
		{CA08F25A-9019-45B5-9F4B-FBFB0BE48094}.Release|x64.Build.0 = Release|x64
		{CA08F25A-9019-45B5-9F4B-FBFB0BE48094}.Release|x64.Deploy.0 = Release|x64
		{CA08F25A-9019-45B5-9F4B-FBFB0BE48094}.Release|x86.ActiveCfg = Release|x86
		{CA08F25A-9019-45B5-9F4B-FBFB0BE48094}.Release|x86.Build.0 = Release|x86
		{CA08F25A-9019-45B5-9F4B-FBFB0BE48094}.Release|x86.Deploy.0 = Release|x86
		{551CCEBD-9E21-459F-ACC6-78124B91367F}.Debug|Any CPU.ActiveCfg = Debug|Any CPU
		{551CCEBD-9E21-459F-ACC6-78124B91367F}.Debug|Any CPU.Build.0 = Debug|Any CPU
		{551CCEBD-9E21-459F-ACC6-78124B91367F}.Debug|Any CPU.Deploy.0 = Debug|Any CPU
		{551CCEBD-9E21-459F-ACC6-78124B91367F}.Debug|ARM.ActiveCfg = Debug|Any CPU
		{551CCEBD-9E21-459F-ACC6-78124B91367F}.Debug|ARM.Build.0 = Debug|Any CPU
		{551CCEBD-9E21-459F-ACC6-78124B91367F}.Debug|ARM.Deploy.0 = Debug|Any CPU
		{551CCEBD-9E21-459F-ACC6-78124B91367F}.Debug|iPhone.ActiveCfg = Debug|Any CPU
		{551CCEBD-9E21-459F-ACC6-78124B91367F}.Debug|iPhone.Build.0 = Debug|Any CPU
		{551CCEBD-9E21-459F-ACC6-78124B91367F}.Debug|iPhone.Deploy.0 = Debug|Any CPU
		{551CCEBD-9E21-459F-ACC6-78124B91367F}.Debug|iPhoneSimulator.ActiveCfg = Debug|Any CPU
		{551CCEBD-9E21-459F-ACC6-78124B91367F}.Debug|iPhoneSimulator.Build.0 = Debug|Any CPU
		{551CCEBD-9E21-459F-ACC6-78124B91367F}.Debug|iPhoneSimulator.Deploy.0 = Debug|Any CPU
		{551CCEBD-9E21-459F-ACC6-78124B91367F}.Debug|x64.ActiveCfg = Debug|Any CPU
		{551CCEBD-9E21-459F-ACC6-78124B91367F}.Debug|x64.Build.0 = Debug|Any CPU
		{551CCEBD-9E21-459F-ACC6-78124B91367F}.Debug|x64.Deploy.0 = Debug|Any CPU
		{551CCEBD-9E21-459F-ACC6-78124B91367F}.Debug|x86.ActiveCfg = Debug|Any CPU
		{551CCEBD-9E21-459F-ACC6-78124B91367F}.Debug|x86.Build.0 = Debug|Any CPU
		{551CCEBD-9E21-459F-ACC6-78124B91367F}.Debug|x86.Deploy.0 = Debug|Any CPU
		{551CCEBD-9E21-459F-ACC6-78124B91367F}.Release|Any CPU.ActiveCfg = Release|Any CPU
		{551CCEBD-9E21-459F-ACC6-78124B91367F}.Release|Any CPU.Build.0 = Release|Any CPU
		{551CCEBD-9E21-459F-ACC6-78124B91367F}.Release|Any CPU.Deploy.0 = Release|Any CPU
		{551CCEBD-9E21-459F-ACC6-78124B91367F}.Release|ARM.ActiveCfg = Release|Any CPU
		{551CCEBD-9E21-459F-ACC6-78124B91367F}.Release|ARM.Build.0 = Release|Any CPU
		{551CCEBD-9E21-459F-ACC6-78124B91367F}.Release|ARM.Deploy.0 = Release|Any CPU
		{551CCEBD-9E21-459F-ACC6-78124B91367F}.Release|iPhone.ActiveCfg = Release|Any CPU
		{551CCEBD-9E21-459F-ACC6-78124B91367F}.Release|iPhone.Build.0 = Release|Any CPU
		{551CCEBD-9E21-459F-ACC6-78124B91367F}.Release|iPhone.Deploy.0 = Release|Any CPU
		{551CCEBD-9E21-459F-ACC6-78124B91367F}.Release|iPhoneSimulator.ActiveCfg = Release|Any CPU
		{551CCEBD-9E21-459F-ACC6-78124B91367F}.Release|iPhoneSimulator.Build.0 = Release|Any CPU
		{551CCEBD-9E21-459F-ACC6-78124B91367F}.Release|iPhoneSimulator.Deploy.0 = Release|Any CPU
		{551CCEBD-9E21-459F-ACC6-78124B91367F}.Release|x64.ActiveCfg = Release|Any CPU
		{551CCEBD-9E21-459F-ACC6-78124B91367F}.Release|x64.Build.0 = Release|Any CPU
		{551CCEBD-9E21-459F-ACC6-78124B91367F}.Release|x64.Deploy.0 = Release|Any CPU
		{551CCEBD-9E21-459F-ACC6-78124B91367F}.Release|x86.ActiveCfg = Release|Any CPU
		{551CCEBD-9E21-459F-ACC6-78124B91367F}.Release|x86.Build.0 = Release|Any CPU
		{551CCEBD-9E21-459F-ACC6-78124B91367F}.Release|x86.Deploy.0 = Release|Any CPU
		{9D1F9603-3757-4D62-928B-DCCD879B8624}.Debug|Any CPU.ActiveCfg = Debug|iPhoneSimulator
		{9D1F9603-3757-4D62-928B-DCCD879B8624}.Debug|Any CPU.Build.0 = Debug|iPhoneSimulator
		{9D1F9603-3757-4D62-928B-DCCD879B8624}.Debug|Any CPU.Deploy.0 = Debug|iPhoneSimulator
		{9D1F9603-3757-4D62-928B-DCCD879B8624}.Debug|ARM.ActiveCfg = Debug|iPhoneSimulator
		{9D1F9603-3757-4D62-928B-DCCD879B8624}.Debug|ARM.Build.0 = Debug|iPhoneSimulator
		{9D1F9603-3757-4D62-928B-DCCD879B8624}.Debug|ARM.Deploy.0 = Debug|iPhoneSimulator
		{9D1F9603-3757-4D62-928B-DCCD879B8624}.Debug|iPhone.ActiveCfg = Debug|iPhone
		{9D1F9603-3757-4D62-928B-DCCD879B8624}.Debug|iPhone.Build.0 = Debug|iPhone
		{9D1F9603-3757-4D62-928B-DCCD879B8624}.Debug|iPhone.Deploy.0 = Debug|iPhone
		{9D1F9603-3757-4D62-928B-DCCD879B8624}.Debug|iPhoneSimulator.ActiveCfg = Debug|iPhoneSimulator
		{9D1F9603-3757-4D62-928B-DCCD879B8624}.Debug|iPhoneSimulator.Build.0 = Debug|iPhoneSimulator
		{9D1F9603-3757-4D62-928B-DCCD879B8624}.Debug|iPhoneSimulator.Deploy.0 = Debug|iPhoneSimulator
		{9D1F9603-3757-4D62-928B-DCCD879B8624}.Debug|x64.ActiveCfg = Debug|iPhone
		{9D1F9603-3757-4D62-928B-DCCD879B8624}.Debug|x64.Build.0 = Debug|iPhone
		{9D1F9603-3757-4D62-928B-DCCD879B8624}.Debug|x64.Deploy.0 = Debug|iPhone
		{9D1F9603-3757-4D62-928B-DCCD879B8624}.Debug|x86.ActiveCfg = Debug|iPhoneSimulator
		{9D1F9603-3757-4D62-928B-DCCD879B8624}.Debug|x86.Build.0 = Debug|iPhoneSimulator
		{9D1F9603-3757-4D62-928B-DCCD879B8624}.Debug|x86.Deploy.0 = Debug|iPhoneSimulator
		{9D1F9603-3757-4D62-928B-DCCD879B8624}.Release|Any CPU.ActiveCfg = Release|iPhoneSimulator
		{9D1F9603-3757-4D62-928B-DCCD879B8624}.Release|Any CPU.Build.0 = Release|iPhoneSimulator
		{9D1F9603-3757-4D62-928B-DCCD879B8624}.Release|Any CPU.Deploy.0 = Release|iPhoneSimulator
		{9D1F9603-3757-4D62-928B-DCCD879B8624}.Release|ARM.ActiveCfg = Release|iPhoneSimulator
		{9D1F9603-3757-4D62-928B-DCCD879B8624}.Release|ARM.Build.0 = Release|iPhoneSimulator
		{9D1F9603-3757-4D62-928B-DCCD879B8624}.Release|ARM.Deploy.0 = Release|iPhoneSimulator
		{9D1F9603-3757-4D62-928B-DCCD879B8624}.Release|iPhone.ActiveCfg = Release|iPhone
		{9D1F9603-3757-4D62-928B-DCCD879B8624}.Release|iPhone.Build.0 = Release|iPhone
		{9D1F9603-3757-4D62-928B-DCCD879B8624}.Release|iPhone.Deploy.0 = Release|iPhone
		{9D1F9603-3757-4D62-928B-DCCD879B8624}.Release|iPhoneSimulator.ActiveCfg = Release|iPhoneSimulator
		{9D1F9603-3757-4D62-928B-DCCD879B8624}.Release|iPhoneSimulator.Build.0 = Release|iPhoneSimulator
		{9D1F9603-3757-4D62-928B-DCCD879B8624}.Release|iPhoneSimulator.Deploy.0 = Release|iPhoneSimulator
		{9D1F9603-3757-4D62-928B-DCCD879B8624}.Release|x64.ActiveCfg = Release|iPhoneSimulator
		{9D1F9603-3757-4D62-928B-DCCD879B8624}.Release|x64.Build.0 = Release|iPhoneSimulator
		{9D1F9603-3757-4D62-928B-DCCD879B8624}.Release|x64.Deploy.0 = Release|iPhoneSimulator
		{9D1F9603-3757-4D62-928B-DCCD879B8624}.Release|x86.ActiveCfg = Release|iPhoneSimulator
		{9D1F9603-3757-4D62-928B-DCCD879B8624}.Release|x86.Build.0 = Release|iPhoneSimulator
		{9D1F9603-3757-4D62-928B-DCCD879B8624}.Release|x86.Deploy.0 = Release|iPhoneSimulator
		{96A6EAC7-B26F-4B1D-BF91-299C2E972F42}.Debug|Any CPU.ActiveCfg = Debug|Any CPU
		{96A6EAC7-B26F-4B1D-BF91-299C2E972F42}.Debug|Any CPU.Build.0 = Debug|Any CPU
		{96A6EAC7-B26F-4B1D-BF91-299C2E972F42}.Debug|Any CPU.Deploy.0 = Debug|Any CPU
		{96A6EAC7-B26F-4B1D-BF91-299C2E972F42}.Debug|ARM.ActiveCfg = Debug|Any CPU
		{96A6EAC7-B26F-4B1D-BF91-299C2E972F42}.Debug|ARM.Build.0 = Debug|Any CPU
		{96A6EAC7-B26F-4B1D-BF91-299C2E972F42}.Debug|ARM.Deploy.0 = Debug|Any CPU
		{96A6EAC7-B26F-4B1D-BF91-299C2E972F42}.Debug|iPhone.ActiveCfg = Debug|Any CPU
		{96A6EAC7-B26F-4B1D-BF91-299C2E972F42}.Debug|iPhone.Build.0 = Debug|Any CPU
		{96A6EAC7-B26F-4B1D-BF91-299C2E972F42}.Debug|iPhone.Deploy.0 = Debug|Any CPU
		{96A6EAC7-B26F-4B1D-BF91-299C2E972F42}.Debug|iPhoneSimulator.ActiveCfg = Debug|Any CPU
		{96A6EAC7-B26F-4B1D-BF91-299C2E972F42}.Debug|iPhoneSimulator.Build.0 = Debug|Any CPU
		{96A6EAC7-B26F-4B1D-BF91-299C2E972F42}.Debug|iPhoneSimulator.Deploy.0 = Debug|Any CPU
		{96A6EAC7-B26F-4B1D-BF91-299C2E972F42}.Debug|x64.ActiveCfg = Debug|Any CPU
		{96A6EAC7-B26F-4B1D-BF91-299C2E972F42}.Debug|x64.Build.0 = Debug|Any CPU
		{96A6EAC7-B26F-4B1D-BF91-299C2E972F42}.Debug|x64.Deploy.0 = Debug|Any CPU
		{96A6EAC7-B26F-4B1D-BF91-299C2E972F42}.Debug|x86.ActiveCfg = Debug|Any CPU
		{96A6EAC7-B26F-4B1D-BF91-299C2E972F42}.Debug|x86.Build.0 = Debug|Any CPU
		{96A6EAC7-B26F-4B1D-BF91-299C2E972F42}.Debug|x86.Deploy.0 = Debug|Any CPU
		{96A6EAC7-B26F-4B1D-BF91-299C2E972F42}.Release|Any CPU.ActiveCfg = Release|Any CPU
		{96A6EAC7-B26F-4B1D-BF91-299C2E972F42}.Release|Any CPU.Build.0 = Release|Any CPU
		{96A6EAC7-B26F-4B1D-BF91-299C2E972F42}.Release|Any CPU.Deploy.0 = Release|Any CPU
		{96A6EAC7-B26F-4B1D-BF91-299C2E972F42}.Release|ARM.ActiveCfg = Release|Any CPU
		{96A6EAC7-B26F-4B1D-BF91-299C2E972F42}.Release|ARM.Build.0 = Release|Any CPU
		{96A6EAC7-B26F-4B1D-BF91-299C2E972F42}.Release|ARM.Deploy.0 = Release|Any CPU
		{96A6EAC7-B26F-4B1D-BF91-299C2E972F42}.Release|iPhone.ActiveCfg = Release|Any CPU
		{96A6EAC7-B26F-4B1D-BF91-299C2E972F42}.Release|iPhone.Build.0 = Release|Any CPU
		{96A6EAC7-B26F-4B1D-BF91-299C2E972F42}.Release|iPhone.Deploy.0 = Release|Any CPU
		{96A6EAC7-B26F-4B1D-BF91-299C2E972F42}.Release|iPhoneSimulator.ActiveCfg = Release|Any CPU
		{96A6EAC7-B26F-4B1D-BF91-299C2E972F42}.Release|iPhoneSimulator.Build.0 = Release|Any CPU
		{96A6EAC7-B26F-4B1D-BF91-299C2E972F42}.Release|iPhoneSimulator.Deploy.0 = Release|Any CPU
		{96A6EAC7-B26F-4B1D-BF91-299C2E972F42}.Release|x64.ActiveCfg = Release|Any CPU
		{96A6EAC7-B26F-4B1D-BF91-299C2E972F42}.Release|x64.Build.0 = Release|Any CPU
		{96A6EAC7-B26F-4B1D-BF91-299C2E972F42}.Release|x64.Deploy.0 = Release|Any CPU
		{96A6EAC7-B26F-4B1D-BF91-299C2E972F42}.Release|x86.ActiveCfg = Release|Any CPU
		{96A6EAC7-B26F-4B1D-BF91-299C2E972F42}.Release|x86.Build.0 = Release|Any CPU
		{96A6EAC7-B26F-4B1D-BF91-299C2E972F42}.Release|x86.Deploy.0 = Release|Any CPU
	EndGlobalSection
	GlobalSection(SolutionProperties) = preSolution
		HideSolutionNode = FALSE
	EndGlobalSection
	GlobalSection(ExtensibilityGlobals) = postSolution
		SolutionGuid = {E5CB929C-72E1-4C62-A961-CD4919A5231C}
	EndGlobalSection
EndGlobal
